
Microsoft Visual Studio Solution File, Format Version 12.00
# Visual Studio Version 17
VisualStudioVersion = 17.8.34330.188
MinimumVisualStudioVersion = 10.0.40219.1
Project("{FAE04EC0-301F-11D3-BF4B-00C04F79EFBC}") = "AirePuro.Android", "AirePuro\AirePuro.Android\AirePuro.Android.csproj", "{5CAE305E-5F24-41F6-ACC7-EFC178ADB644}"
EndProject
Project("{FAE04EC0-301F-11D3-BF4B-00C04F79EFBC}") = "AirePuro.iOS", "AirePuro\AirePuro.iOS\AirePuro.iOS.csproj", "{1AFE9343-25A3-42F6-9A39-DFFD91613789}"
EndProject
Project("{FAE04EC0-301F-11D3-BF4B-00C04F79EFBC}") = "AirePuro", "AirePuro\AirePuro\AirePuro.csproj", "{80F45A07-32E7-4369-B38F-B8466AB7B8F1}"
EndProject
Global
	GlobalSection(SolutionConfigurationPlatforms) = preSolution
		Debug|Any CPU = Debug|Any CPU
		Debug|iPhone = Debug|iPhone
		Debug|iPhoneSimulator = Debug|iPhoneSimulator
		Release|Any CPU = Release|Any CPU
		Release|iPhone = Release|iPhone
		Release|iPhoneSimulator = Release|iPhoneSimulator
	EndGlobalSection
	GlobalSection(ProjectConfigurationPlatforms) = postSolution
		{5CAE305E-5F24-41F6-ACC7-EFC178ADB644}.Debug|Any CPU.ActiveCfg = Debug|Any CPU
		{5CAE305E-5F24-41F6-ACC7-EFC178ADB644}.Debug|Any CPU.Build.0 = Debug|Any CPU
		{5CAE305E-5F24-41F6-ACC7-EFC178ADB644}.Debug|Any CPU.Deploy.0 = Debug|Any CPU
		{5CAE305E-5F24-41F6-ACC7-EFC178ADB644}.Debug|iPhone.ActiveCfg = Debug|Any CPU
		{5CAE305E-5F24-41F6-ACC7-EFC178ADB644}.Debug|iPhone.Build.0 = Debug|Any CPU
		{5CAE305E-5F24-41F6-ACC7-EFC178ADB644}.Debug|iPhone.Deploy.0 = Debug|Any CPU
		{5CAE305E-5F24-41F6-ACC7-EFC178ADB644}.Debug|iPhoneSimulator.ActiveCfg = Debug|Any CPU
		{5CAE305E-5F24-41F6-ACC7-EFC178ADB644}.Debug|iPhoneSimulator.Build.0 = Debug|Any CPU
		{5CAE305E-5F24-41F6-ACC7-EFC178ADB644}.Debug|iPhoneSimulator.Deploy.0 = Debug|Any CPU
		{5CAE305E-5F24-41F6-ACC7-EFC178ADB644}.Release|Any CPU.ActiveCfg = Release|Any CPU
		{5CAE305E-5F24-41F6-ACC7-EFC178ADB644}.Release|Any CPU.Build.0 = Release|Any CPU
		{5CAE305E-5F24-41F6-ACC7-EFC178ADB644}.Release|Any CPU.Deploy.0 = Release|Any CPU
		{5CAE305E-5F24-41F6-ACC7-EFC178ADB644}.Release|iPhone.ActiveCfg = Release|Any CPU
		{5CAE305E-5F24-41F6-ACC7-EFC178ADB644}.Release|iPhone.Build.0 = Release|Any CPU
		{5CAE305E-5F24-41F6-ACC7-EFC178ADB644}.Release|iPhone.Deploy.0 = Release|Any CPU
		{5CAE305E-5F24-41F6-ACC7-EFC178ADB644}.Release|iPhoneSimulator.ActiveCfg = Release|Any CPU
		{5CAE305E-5F24-41F6-ACC7-EFC178ADB644}.Release|iPhoneSimulator.Build.0 = Release|Any CPU
		{5CAE305E-5F24-41F6-ACC7-EFC178ADB644}.Release|iPhoneSimulator.Deploy.0 = Release|Any CPU
		{1AFE9343-25A3-42F6-9A39-DFFD91613789}.Debug|Any CPU.ActiveCfg = Debug|iPhone
		{1AFE9343-25A3-42F6-9A39-DFFD91613789}.Debug|Any CPU.Build.0 = Debug|iPhone
		{1AFE9343-25A3-42F6-9A39-DFFD91613789}.Debug|Any CPU.Deploy.0 = Debug|iPhone
		{1AFE9343-25A3-42F6-9A39-DFFD91613789}.Debug|iPhone.ActiveCfg = Debug|iPhone
		{1AFE9343-25A3-42F6-9A39-DFFD91613789}.Debug|iPhone.Build.0 = Debug|iPhone
		{1AFE9343-25A3-42F6-9A39-DFFD91613789}.Debug|iPhone.Deploy.0 = Debug|iPhone
		{1AFE9343-25A3-42F6-9A39-DFFD91613789}.Debug|iPhoneSimulator.ActiveCfg = Debug|iPhoneSimulator
		{1AFE9343-25A3-42F6-9A39-DFFD91613789}.Debug|iPhoneSimulator.Build.0 = Debug|iPhoneSimulator
		{1AFE9343-25A3-42F6-9A39-DFFD91613789}.Debug|iPhoneSimulator.Deploy.0 = Debug|iPhoneSimulator
		{1AFE9343-25A3-42F6-9A39-DFFD91613789}.Release|Any CPU.ActiveCfg = Release|iPhoneSimulator
		{1AFE9343-25A3-42F6-9A39-DFFD91613789}.Release|Any CPU.Build.0 = Release|iPhoneSimulator
		{1AFE9343-25A3-42F6-9A39-DFFD91613789}.Release|Any CPU.Deploy.0 = Release|iPhoneSimulator
		{1AFE9343-25A3-42F6-9A39-DFFD91613789}.Release|iPhone.ActiveCfg = Release|iPhone
		{1AFE9343-25A3-42F6-9A39-DFFD91613789}.Release|iPhone.Build.0 = Release|iPhone
		{1AFE9343-25A3-42F6-9A39-DFFD91613789}.Release|iPhone.Deploy.0 = Release|iPhone
		{1AFE9343-25A3-42F6-9A39-DFFD91613789}.Release|iPhoneSimulator.ActiveCfg = Release|iPhoneSimulator
		{1AFE9343-25A3-42F6-9A39-DFFD91613789}.Release|iPhoneSimulator.Build.0 = Release|iPhoneSimulator
		{1AFE9343-25A3-42F6-9A39-DFFD91613789}.Release|iPhoneSimulator.Deploy.0 = Release|iPhoneSimulator
		{80F45A07-32E7-4369-B38F-B8466AB7B8F1}.Debug|Any CPU.ActiveCfg = Debug|Any CPU
		{80F45A07-32E7-4369-B38F-B8466AB7B8F1}.Debug|Any CPU.Build.0 = Debug|Any CPU
		{80F45A07-32E7-4369-B38F-B8466AB7B8F1}.Debug|Any CPU.Deploy.0 = Debug|Any CPU
		{80F45A07-32E7-4369-B38F-B8466AB7B8F1}.Debug|iPhone.ActiveCfg = Debug|Any CPU
		{80F45A07-32E7-4369-B38F-B8466AB7B8F1}.Debug|iPhone.Build.0 = Debug|Any CPU
		{80F45A07-32E7-4369-B38F-B8466AB7B8F1}.Debug|iPhone.Deploy.0 = Debug|Any CPU
		{80F45A07-32E7-4369-B38F-B8466AB7B8F1}.Debug|iPhoneSimulator.ActiveCfg = Debug|Any CPU
		{80F45A07-32E7-4369-B38F-B8466AB7B8F1}.Debug|iPhoneSimulator.Build.0 = Debug|Any CPU
		{80F45A07-32E7-4369-B38F-B8466AB7B8F1}.Debug|iPhoneSimulator.Deploy.0 = Debug|Any CPU
		{80F45A07-32E7-4369-B38F-B8466AB7B8F1}.Release|Any CPU.ActiveCfg = Release|Any CPU
		{80F45A07-32E7-4369-B38F-B8466AB7B8F1}.Release|Any CPU.Build.0 = Release|Any CPU
		{80F45A07-32E7-4369-B38F-B8466AB7B8F1}.Release|Any CPU.Deploy.0 = Release|Any CPU
		{80F45A07-32E7-4369-B38F-B8466AB7B8F1}.Release|iPhone.ActiveCfg = Release|Any CPU
		{80F45A07-32E7-4369-B38F-B8466AB7B8F1}.Release|iPhone.Build.0 = Release|Any CPU
		{80F45A07-32E7-4369-B38F-B8466AB7B8F1}.Release|iPhone.Deploy.0 = Release|Any CPU
		{80F45A07-32E7-4369-B38F-B8466AB7B8F1}.Release|iPhoneSimulator.ActiveCfg = Release|Any CPU
		{80F45A07-32E7-4369-B38F-B8466AB7B8F1}.Release|iPhoneSimulator.Build.0 = Release|Any CPU
		{80F45A07-32E7-4369-B38F-B8466AB7B8F1}.Release|iPhoneSimulator.Deploy.0 = Release|Any CPU
	EndGlobalSection
	GlobalSection(SolutionProperties) = preSolution
		HideSolutionNode = FALSE
	EndGlobalSection
	GlobalSection(ExtensibilityGlobals) = postSolution
		SolutionGuid = {631C6464-785D-4EDD-B671-914E0E1307E7}
	EndGlobalSection
EndGlobal
